// !$*UTF8*$!
{
	archiveVersion = 1;
	classes = {
	};
	objectVersion = 56;
	objects = {

/* Begin PBXBuildFile section */
		200B40842C4659B500EBAB72 /* SingleImageViewController.swift in Sources */ = {isa = PBXBuildFile; fileRef = 200B40832C4659B500EBAB72 /* SingleImageViewController.swift */; };
		2019E7DC2BA9DCF400AE9DDF /* AppDelegate.swift in Sources */ = {isa = PBXBuildFile; fileRef = 2019E7DB2BA9DCF400AE9DDF /* AppDelegate.swift */; };
		2019E7DE2BA9DCF400AE9DDF /* SceneDelegate.swift in Sources */ = {isa = PBXBuildFile; fileRef = 2019E7DD2BA9DCF400AE9DDF /* SceneDelegate.swift */; };
		2019E7E32BA9DCF400AE9DDF /* Main.storyboard in Resources */ = {isa = PBXBuildFile; fileRef = 2019E7E12BA9DCF400AE9DDF /* Main.storyboard */; };
		2019E7E52BA9DCF500AE9DDF /* Assets.xcassets in Resources */ = {isa = PBXBuildFile; fileRef = 2019E7E42BA9DCF500AE9DDF /* Assets.xcassets */; };
		2019E7E82BA9DCF500AE9DDF /* LaunchScreen.storyboard in Resources */ = {isa = PBXBuildFile; fileRef = 2019E7E62BA9DCF500AE9DDF /* LaunchScreen.storyboard */; };
		204901C62C443EBF00F7A694 /* ProfileViewController.swift in Sources */ = {isa = PBXBuildFile; fileRef = 204901C52C443EBF00F7A694 /* ProfileViewController.swift */; };
		20D792CA2BD70C330065F5DD /* ImagesListCell.swift in Sources */ = {isa = PBXBuildFile; fileRef = 20D792C92BD70C330065F5DD /* ImagesListCell.swift */; };
		20D792CC2BD70C3B0065F5DD /* ImageListViewController.swift in Sources */ = {isa = PBXBuildFile; fileRef = 20D792CB2BD70C3B0065F5DD /* ImageListViewController.swift */; };
/* End PBXBuildFile section */

/* Begin PBXFileReference section */
		200B40832C4659B500EBAB72 /* SingleImageViewController.swift */ = {isa = PBXFileReference; lastKnownFileType = sourcecode.swift; path = SingleImageViewController.swift; sourceTree = "<group>"; };
		2019E7D82BA9DCF400AE9DDF /* ImageFeed.app */ = {isa = PBXFileReference; explicitFileType = wrapper.application; includeInIndex = 0; path = ImageFeed.app; sourceTree = BUILT_PRODUCTS_DIR; };
		2019E7DB2BA9DCF400AE9DDF /* AppDelegate.swift */ = {isa = PBXFileReference; lastKnownFileType = sourcecode.swift; path = AppDelegate.swift; sourceTree = "<group>"; };
		2019E7DD2BA9DCF400AE9DDF /* SceneDelegate.swift */ = {isa = PBXFileReference; lastKnownFileType = sourcecode.swift; path = SceneDelegate.swift; sourceTree = "<group>"; };
		2019E7E22BA9DCF400AE9DDF /* Base */ = {isa = PBXFileReference; lastKnownFileType = file.storyboard; name = Base; path = Base.lproj/Main.storyboard; sourceTree = "<group>"; };
		2019E7E42BA9DCF500AE9DDF /* Assets.xcassets */ = {isa = PBXFileReference; lastKnownFileType = folder.assetcatalog; path = Assets.xcassets; sourceTree = "<group>"; };
		2019E7E72BA9DCF500AE9DDF /* Base */ = {isa = PBXFileReference; lastKnownFileType = file.storyboard; name = Base; path = Base.lproj/LaunchScreen.storyboard; sourceTree = "<group>"; };
		2019E7E92BA9DCF500AE9DDF /* Info.plist */ = {isa = PBXFileReference; lastKnownFileType = text.plist.xml; path = Info.plist; sourceTree = "<group>"; };
		204901C52C443EBF00F7A694 /* ProfileViewController.swift */ = {isa = PBXFileReference; lastKnownFileType = sourcecode.swift; path = ProfileViewController.swift; sourceTree = "<group>"; };
		20D792C92BD70C330065F5DD /* ImagesListCell.swift */ = {isa = PBXFileReference; lastKnownFileType = sourcecode.swift; name = ImagesListCell.swift; path = ../ImagesListCell.swift; sourceTree = "<group>"; };
		20D792CB2BD70C3B0065F5DD /* ImageListViewController.swift */ = {isa = PBXFileReference; lastKnownFileType = sourcecode.swift; name = ImageListViewController.swift; path = ImageFeed/ImageListViewController.swift; sourceTree = SOURCE_ROOT; };
/* End PBXFileReference section */

/* Begin PBXFrameworksBuildPhase section */
		2019E7D52BA9DCF400AE9DDF /* Frameworks */ = {
			isa = PBXFrameworksBuildPhase;
			buildActionMask = 2147483647;
			files = (
			);
			runOnlyForDeploymentPostprocessing = 0;
		};
/* End PBXFrameworksBuildPhase section */

/* Begin PBXGroup section */
		200B40852C465DEA00EBAB72 /* SingleImage */ = {
			isa = PBXGroup;
			children = (
				200B40832C4659B500EBAB72 /* SingleImageViewController.swift */,
			);
			path = SingleImage;
			sourceTree = "<group>";
		};
		200B40862C465DEE00EBAB72 /* Profile */ = {
			isa = PBXGroup;
			children = (
				204901C52C443EBF00F7A694 /* ProfileViewController.swift */,
			);
			path = Profile;
			sourceTree = "<group>";
		};
		2019E7CF2BA9DCF400AE9DDF = {
			isa = PBXGroup;
			children = (
				2019E7DA2BA9DCF400AE9DDF /* ImageFeed */,
				2019E7D92BA9DCF400AE9DDF /* Products */,
			);
			sourceTree = "<group>";
		};
		2019E7D92BA9DCF400AE9DDF /* Products */ = {
			isa = PBXGroup;
			children = (
				2019E7D82BA9DCF400AE9DDF /* ImageFeed.app */,
			);
			name = Products;
			sourceTree = "<group>";
		};
		2019E7DA2BA9DCF400AE9DDF /* ImageFeed */ = {
			isa = PBXGroup;
			children = (
				2019E7DB2BA9DCF400AE9DDF /* AppDelegate.swift */,
				2019E7DD2BA9DCF400AE9DDF /* SceneDelegate.swift */,
				2019E7F12BA9F69C00AE9DDF /* ImageList */,
				200B40862C465DEE00EBAB72 /* Profile */,
				200B40852C465DEA00EBAB72 /* SingleImage */,
				2019E7E12BA9DCF400AE9DDF /* Main.storyboard */,
				2019E7E42BA9DCF500AE9DDF /* Assets.xcassets */,
				2019E7E62BA9DCF500AE9DDF /* LaunchScreen.storyboard */,
				2019E7E92BA9DCF500AE9DDF /* Info.plist */,
			);
			path = ImageFeed;
			sourceTree = "<group>";
		};
		2019E7F12BA9F69C00AE9DDF /* ImageList */ = {
			isa = PBXGroup;
			children = (
				20D792CB2BD70C3B0065F5DD /* ImageListViewController.swift */,
				20D792C92BD70C330065F5DD /* ImagesListCell.swift */,
			);
			path = ImageList;
			sourceTree = "<group>";
		};
/* End PBXGroup section */

/* Begin PBXNativeTarget section */
		2019E7D72BA9DCF400AE9DDF /* ImageFeed */ = {
			isa = PBXNativeTarget;
			buildConfigurationList = 2019E7EC2BA9DCF500AE9DDF /* Build configuration list for PBXNativeTarget "ImageFeed" */;
			buildPhases = (
				2019E7D42BA9DCF400AE9DDF /* Sources */,
				2019E7D52BA9DCF400AE9DDF /* Frameworks */,
				2019E7D62BA9DCF400AE9DDF /* Resources */,
			);
			buildRules = (
			);
			dependencies = (
			);
			name = ImageFeed;
			productName = ImageFeed;
			productReference = 2019E7D82BA9DCF400AE9DDF /* ImageFeed.app */;
			productType = "com.apple.product-type.application";
		};
/* End PBXNativeTarget section */

/* Begin PBXProject section */
		2019E7D02BA9DCF400AE9DDF /* Project object */ = {
			isa = PBXProject;
			attributes = {
				BuildIndependentTargetsInParallel = 1;
				LastSwiftUpdateCheck = 1500;
				LastUpgradeCheck = 1500;
				TargetAttributes = {
					2019E7D72BA9DCF400AE9DDF = {
						CreatedOnToolsVersion = 15.0.1;
					};
				};
			};
			buildConfigurationList = 2019E7D32BA9DCF400AE9DDF /* Build configuration list for PBXProject "ImageFeed" */;
			compatibilityVersion = "Xcode 14.0";
			developmentRegion = en;
			hasScannedForEncodings = 0;
			knownRegions = (
				en,
				Base,
			);
			mainGroup = 2019E7CF2BA9DCF400AE9DDF;
			productRefGroup = 2019E7D92BA9DCF400AE9DDF /* Products */;
			projectDirPath = "";
			projectRoot = "";
			targets = (
				2019E7D72BA9DCF400AE9DDF /* ImageFeed */,
			);
		};
/* End PBXProject section */

/* Begin PBXResourcesBuildPhase section */
		2019E7D62BA9DCF400AE9DDF /* Resources */ = {
			isa = PBXResourcesBuildPhase;
			buildActionMask = 2147483647;
			files = (
				2019E7E82BA9DCF500AE9DDF /* LaunchScreen.storyboard in Resources */,
				2019E7E52BA9DCF500AE9DDF /* Assets.xcassets in Resources */,
				2019E7E32BA9DCF400AE9DDF /* Main.storyboard in Resources */,
			);
			runOnlyForDeploymentPostprocessing = 0;
		};
/* End PBXResourcesBuildPhase section */

/* Begin PBXSourcesBuildPhase section */
		2019E7D42BA9DCF400AE9DDF /* Sources */ = {
			isa = PBXSourcesBuildPhase;
			buildActionMask = 2147483647;
			files = (
				20D792CC2BD70C3B0065F5DD /* ImageListViewController.swift in Sources */,
				20D792CA2BD70C330065F5DD /* ImagesListCell.swift in Sources */,
				204901C62C443EBF00F7A694 /* ProfileViewController.swift in Sources */,
				2019E7DC2BA9DCF400AE9DDF /* AppDelegate.swift in Sources */,
				200B40842C4659B500EBAB72 /* SingleImageViewController.swift in Sources */,
				2019E7DE2BA9DCF400AE9DDF /* SceneDelegate.swift in Sources */,
			);
			runOnlyForDeploymentPostprocessing = 0;
		};
/* End PBXSourcesBuildPhase section */

/* Begin PBXVariantGroup section */
		2019E7E12BA9DCF400AE9DDF /* Main.storyboard */ = {
			isa = PBXVariantGroup;
			children = (
				2019E7E22BA9DCF400AE9DDF /* Base */,
			);
			name = Main.storyboard;
			sourceTree = "<group>";
		};
		2019E7E62BA9DCF500AE9DDF /* LaunchScreen.storyboard */ = {
			isa = PBXVariantGroup;
			children = (
				2019E7E72BA9DCF500AE9DDF /* Base */,
			);
			name = LaunchScreen.storyboard;
			sourceTree = "<group>";
		};
/* End PBXVariantGroup section */

/* Begin XCBuildConfiguration section */
		2019E7EA2BA9DCF500AE9DDF /* Debug */ = {
			isa = XCBuildConfiguration;
			buildSettings = {
				ALWAYS_SEARCH_USER_PATHS = NO;
				ASSETCATALOG_COMPILER_GENERATE_SWIFT_ASSET_SYMBOL_EXTENSIONS = YES;
				CLANG_ANALYZER_NONNULL = YES;
				CLANG_ANALYZER_NUMBER_OBJECT_CONVERSION = YES_AGGRESSIVE;
				CLANG_CXX_LANGUAGE_STANDARD = "gnu++20";
				CLANG_ENABLE_MODULES = YES;
				CLANG_ENABLE_OBJC_ARC = YES;
				CLANG_ENABLE_OBJC_WEAK = YES;
				CLANG_WARN_BLOCK_CAPTURE_AUTORELEASING = YES;
				CLANG_WARN_BOOL_CONVERSION = YES;
				CLANG_WARN_COMMA = YES;
				CLANG_WARN_CONSTANT_CONVERSION = YES;
				CLANG_WARN_DEPRECATED_OBJC_IMPLEMENTATIONS = YES;
				CLANG_WARN_DIRECT_OBJC_ISA_USAGE = YES_ERROR;
				CLANG_WARN_DOCUMENTATION_COMMENTS = YES;
				CLANG_WARN_EMPTY_BODY = YES;
				CLANG_WARN_ENUM_CONVERSION = YES;
				CLANG_WARN_INFINITE_RECURSION = YES;
				CLANG_WARN_INT_CONVERSION = YES;
				CLANG_WARN_NON_LITERAL_NULL_CONVERSION = YES;
				CLANG_WARN_OBJC_IMPLICIT_RETAIN_SELF = YES;
				CLANG_WARN_OBJC_LITERAL_CONVERSION = YES;
				CLANG_WARN_OBJC_ROOT_CLASS = YES_ERROR;
				CLANG_WARN_QUOTED_INCLUDE_IN_FRAMEWORK_HEADER = YES;
				CLANG_WARN_RANGE_LOOP_ANALYSIS = YES;
				CLANG_WARN_STRICT_PROTOTYPES = YES;
				CLANG_WARN_SUSPICIOUS_MOVE = YES;
				CLANG_WARN_UNGUARDED_AVAILABILITY = YES_AGGRESSIVE;
				CLANG_WARN_UNREACHABLE_CODE = YES;
				CLANG_WARN__DUPLICATE_METHOD_MATCH = YES;
				COPY_PHASE_STRIP = NO;
				DEBUG_INFORMATION_FORMAT = dwarf;
				ENABLE_STRICT_OBJC_MSGSEND = YES;
				ENABLE_TESTABILITY = YES;
				ENABLE_USER_SCRIPT_SANDBOXING = YES;
				GCC_C_LANGUAGE_STANDARD = gnu17;
				GCC_DYNAMIC_NO_PIC = NO;
				GCC_NO_COMMON_BLOCKS = YES;
				GCC_OPTIMIZATION_LEVEL = 0;
				GCC_PREPROCESSOR_DEFINITIONS = (
					"DEBUG=1",
					"$(inherited)",
				);
				GCC_WARN_64_TO_32_BIT_CONVERSION = YES;
				GCC_WARN_ABOUT_RETURN_TYPE = YES_ERROR;
				GCC_WARN_UNDECLARED_SELECTOR = YES;
				GCC_WARN_UNINITIALIZED_AUTOS = YES_AGGRESSIVE;
				GCC_WARN_UNUSED_FUNCTION = YES;
				GCC_WARN_UNUSED_VARIABLE = YES;
				IPHONEOS_DEPLOYMENT_TARGET = 17.0;
				LOCALIZATION_PREFERS_STRING_CATALOGS = YES;
				MTL_ENABLE_DEBUG_INFO = INCLUDE_SOURCE;
				MTL_FAST_MATH = YES;
				ONLY_ACTIVE_ARCH = YES;
				SDKROOT = iphoneos;
				SWIFT_ACTIVE_COMPILATION_CONDITIONS = "DEBUG $(inherited)";
				SWIFT_OPTIMIZATION_LEVEL = "-Onone";
			};
			name = Debug;
		};
		2019E7EB2BA9DCF500AE9DDF /* Release */ = {
			isa = XCBuildConfiguration;
			buildSettings = {
				ALWAYS_SEARCH_USER_PATHS = NO;
				ASSETCATALOG_COMPILER_GENERATE_SWIFT_ASSET_SYMBOL_EXTENSIONS = YES;
				CLANG_ANALYZER_NONNULL = YES;
				CLANG_ANALYZER_NUMBER_OBJECT_CONVERSION = YES_AGGRESSIVE;
				CLANG_CXX_LANGUAGE_STANDARD = "gnu++20";
				CLANG_ENABLE_MODULES = YES;
				CLANG_ENABLE_OBJC_ARC = YES;
				CLANG_ENABLE_OBJC_WEAK = YES;
				CLANG_WARN_BLOCK_CAPTURE_AUTORELEASING = YES;
				CLANG_WARN_BOOL_CONVERSION = YES;
				CLANG_WARN_COMMA = YES;
				CLANG_WARN_CONSTANT_CONVERSION = YES;
				CLANG_WARN_DEPRECATED_OBJC_IMPLEMENTATIONS = YES;
				CLANG_WARN_DIRECT_OBJC_ISA_USAGE = YES_ERROR;
				CLANG_WARN_DOCUMENTATION_COMMENTS = YES;
				CLANG_WARN_EMPTY_BODY = YES;
				CLANG_WARN_ENUM_CONVERSION = YES;
				CLANG_WARN_INFINITE_RECURSION = YES;
				CLANG_WARN_INT_CONVERSION = YES;
				CLANG_WARN_NON_LITERAL_NULL_CONVERSION = YES;
				CLANG_WARN_OBJC_IMPLICIT_RETAIN_SELF = YES;
				CLANG_WARN_OBJC_LITERAL_CONVERSION = YES;
				CLANG_WARN_OBJC_ROOT_CLASS = YES_ERROR;
				CLANG_WARN_QUOTED_INCLUDE_IN_FRAMEWORK_HEADER = YES;
				CLANG_WARN_RANGE_LOOP_ANALYSIS = YES;
				CLANG_WARN_STRICT_PROTOTYPES = YES;
				CLANG_WARN_SUSPICIOUS_MOVE = YES;
				CLANG_WARN_UNGUARDED_AVAILABILITY = YES_AGGRESSIVE;
				CLANG_WARN_UNREACHABLE_CODE = YES;
				CLANG_WARN__DUPLICATE_METHOD_MATCH = YES;
				COPY_PHASE_STRIP = NO;
				DEBUG_INFORMATION_FORMAT = "dwarf-with-dsym";
				ENABLE_NS_ASSERTIONS = NO;
				ENABLE_STRICT_OBJC_MSGSEND = YES;
				ENABLE_USER_SCRIPT_SANDBOXING = YES;
				GCC_C_LANGUAGE_STANDARD = gnu17;
				GCC_NO_COMMON_BLOCKS = YES;
				GCC_WARN_64_TO_32_BIT_CONVERSION = YES;
				GCC_WARN_ABOUT_RETURN_TYPE = YES_ERROR;
				GCC_WARN_UNDECLARED_SELECTOR = YES;
				GCC_WARN_UNINITIALIZED_AUTOS = YES_AGGRESSIVE;
				GCC_WARN_UNUSED_FUNCTION = YES;
				GCC_WARN_UNUSED_VARIABLE = YES;
				IPHONEOS_DEPLOYMENT_TARGET = 17.0;
				LOCALIZATION_PREFERS_STRING_CATALOGS = YES;
				MTL_ENABLE_DEBUG_INFO = NO;
				MTL_FAST_MATH = YES;
				SDKROOT = iphoneos;
				SWIFT_COMPILATION_MODE = wholemodule;
				VALIDATE_PRODUCT = YES;
			};
			name = Release;
		};
		2019E7ED2BA9DCF500AE9DDF /* Debug */ = {
			isa = XCBuildConfiguration;
			buildSettings = {
				ASSETCATALOG_COMPILER_APPICON_NAME = AppIcon;
				ASSETCATALOG_COMPILER_GLOBAL_ACCENT_COLOR_NAME = AccentColor;
				CODE_SIGN_STYLE = Automatic;
				CURRENT_PROJECT_VERSION = 1;
				DEVELOPMENT_TEAM = S43W5FZTXJ;
				GENERATE_INFOPLIST_FILE = YES;
				INFOPLIST_FILE = ImageFeed/Info.plist;
				INFOPLIST_KEY_UIApplicationSupportsIndirectInputEvents = YES;
				INFOPLIST_KEY_UILaunchStoryboardName = LaunchScreen;
				INFOPLIST_KEY_UIMainStoryboardFile = Main;
				INFOPLIST_KEY_UISupportedInterfaceOrientations = UIInterfaceOrientationPortrait;
				IPHONEOS_DEPLOYMENT_TARGET = 13.0;
				LD_RUNPATH_SEARCH_PATHS = (
					"$(inherited)",
					"@executable_path/Frameworks",
				);
				MARKETING_VERSION = 1.0;
				PRODUCT_BUNDLE_IDENTIFIER = ru.shattIos.ImageFeed;
				PRODUCT_NAME = "$(TARGET_NAME)";
				SUPPORTED_PLATFORMS = "iphoneos iphonesimulator";
				SUPPORTS_MACCATALYST = NO;
				SWIFT_EMIT_LOC_STRINGS = YES;
				SWIFT_VERSION = 5.0;
				TARGETED_DEVICE_FAMILY = 1;
			};
			name = Debug;
		};
		2019E7EE2BA9DCF500AE9DDF /* Release */ = {
			isa = XCBuildConfiguration;
			buildSettings = {
				ASSETCATALOG_COMPILER_APPICON_NAME = AppIcon;
				ASSETCATALOG_COMPILER_GLOBAL_ACCENT_COLOR_NAME = AccentColor;
				CODE_SIGN_STYLE = Automatic;
				CURRENT_PROJECT_VERSION = 1;
				DEVELOPMENT_TEAM = S43W5FZTXJ;
				GENERATE_INFOPLIST_FILE = YES;
				INFOPLIST_FILE = ImageFeed/Info.plist;
				INFOPLIST_KEY_UIApplicationSupportsIndirectInputEvents = YES;
				INFOPLIST_KEY_UILaunchStoryboardName = LaunchScreen;
				INFOPLIST_KEY_UIMainStoryboardFile = Main;
				INFOPLIST_KEY_UISupportedInterfaceOrientations = UIInterfaceOrientationPortrait;
				IPHONEOS_DEPLOYMENT_TARGET = 13.0;
				LD_RUNPATH_SEARCH_PATHS = (
					"$(inherited)",
					"@executable_path/Frameworks",
				);
				MARKETING_VERSION = 1.0;
				PRODUCT_BUNDLE_IDENTIFIER = ru.shattIos.ImageFeed;
				PRODUCT_NAME = "$(TARGET_NAME)";
				SUPPORTED_PLATFORMS = "iphoneos iphonesimulator";
				SUPPORTS_MACCATALYST = NO;
				SWIFT_EMIT_LOC_STRINGS = YES;
				SWIFT_VERSION = 5.0;
				TARGETED_DEVICE_FAMILY = 1;
			};
			name = Release;
		};
/* End XCBuildConfiguration section */

/* Begin XCConfigurationList section */
		2019E7D32BA9DCF400AE9DDF /* Build configuration list for PBXProject "ImageFeed" */ = {
			isa = XCConfigurationList;
			buildConfigurations = (
				2019E7EA2BA9DCF500AE9DDF /* Debug */,
				2019E7EB2BA9DCF500AE9DDF /* Release */,
			);
			defaultConfigurationIsVisible = 0;
			defaultConfigurationName = Release;
		};
		2019E7EC2BA9DCF500AE9DDF /* Build configuration list for PBXNativeTarget "ImageFeed" */ = {
			isa = XCConfigurationList;
			buildConfigurations = (
				2019E7ED2BA9DCF500AE9DDF /* Debug */,
				2019E7EE2BA9DCF500AE9DDF /* Release */,
			);
			defaultConfigurationIsVisible = 0;
			defaultConfigurationName = Release;
		};
/* End XCConfigurationList section */
	};
	rootObject = 2019E7D02BA9DCF400AE9DDF /* Project object */;
}
